
Microsoft Visual Studio Solution File, Format Version 12.00
# Visual Studio Version 16
VisualStudioVersion = 16.0.29209.152
MinimumVisualStudioVersion = 10.0.40219.1
Project("{FAE04EC0-301F-11D3-BF4B-00C04F79EFBC}") = "TwoCookiesAuth", "TwoCookiesAuth\TwoCookiesAuth.csproj", "{699BD651-90DE-42C2-ABE0-23849174485A}"
EndProject
Global
	GlobalSection(SolutionConfigurationPlatforms) = preSolution
		Debug|Any CPU = Debug|Any CPU
		Release|Any CPU = Release|Any CPU
	EndGlobalSection
	GlobalSection(ProjectConfigurationPlatforms) = postSolution
		{699BD651-90DE-42C2-ABE0-23849174485A}.Debug|Any CPU.ActiveCfg = Debug|Any CPU
		{699BD651-90DE-42C2-ABE0-23849174485A}.Debug|Any CPU.Build.0 = Debug|Any CPU
		{699BD651-90DE-42C2-ABE0-23849174485A}.Release|Any CPU.ActiveCfg = Release|Any CPU
		{699BD651-90DE-42C2-ABE0-23849174485A}.Release|Any CPU.Build.0 = Release|Any CPU
	EndGlobalSection
	GlobalSection(SolutionProperties) = preSolution
		HideSolutionNode = FALSE
	EndGlobalSection
	GlobalSection(ExtensibilityGlobals) = postSolution
		SolutionGuid = {13928288-7F31-467E-8C2F-C50F2816EF2D}
	EndGlobalSection
EndGlobal
